
Microsoft Visual Studio Solution File, Format Version 12.00
# Visual Studio 15
VisualStudioVersion = 15.0.26124.0
MinimumVisualStudioVersion = 15.0.26124.0
Project("{2150E333-8FDC-42A3-9474-1A3956D46DE8}") = "src", "src", "{6D8B92D8-8097-45C3-906E-3D34B59D2239}"
EndProject
Project("{FAE04EC0-301F-11D3-BF4B-00C04F79EFBC}") = "SampleAPI", "src\SampleAPI\SampleAPI.csproj", "{4E90DD43-F9F2-4B66-B27F-D36735CEF550}"
EndProject
Project("{2150E333-8FDC-42A3-9474-1A3956D46DE8}") = "test", "test", "{8F477164-7C7D-4BF0-B000-2883F314ED31}"
EndProject
Project("{FAE04EC0-301F-11D3-BF4B-00C04F79EFBC}") = "SampleAPI.Test", "test\SampleAPI.Test\SampleAPI.Test.csproj", "{65ACD472-A327-4289-9523-A35A16FF0DCD}"
EndProject
Global
	GlobalSection(SolutionConfigurationPlatforms) = preSolution
		Debug|Any CPU = Debug|Any CPU
		Debug|x64 = Debug|x64
		Debug|x86 = Debug|x86
		Release|Any CPU = Release|Any CPU
		Release|x64 = Release|x64
		Release|x86 = Release|x86
	EndGlobalSection
	GlobalSection(SolutionProperties) = preSolution
		HideSolutionNode = FALSE
	EndGlobalSection
	GlobalSection(ProjectConfigurationPlatforms) = postSolution
		{4E90DD43-F9F2-4B66-B27F-D36735CEF550}.Debug|Any CPU.ActiveCfg = Debug|Any CPU
		{4E90DD43-F9F2-4B66-B27F-D36735CEF550}.Debug|Any CPU.Build.0 = Debug|Any CPU
		{4E90DD43-F9F2-4B66-B27F-D36735CEF550}.Debug|x64.ActiveCfg = Debug|Any CPU
		{4E90DD43-F9F2-4B66-B27F-D36735CEF550}.Debug|x64.Build.0 = Debug|Any CPU
		{4E90DD43-F9F2-4B66-B27F-D36735CEF550}.Debug|x86.ActiveCfg = Debug|Any CPU
		{4E90DD43-F9F2-4B66-B27F-D36735CEF550}.Debug|x86.Build.0 = Debug|Any CPU
		{4E90DD43-F9F2-4B66-B27F-D36735CEF550}.Release|Any CPU.ActiveCfg = Release|Any CPU
		{4E90DD43-F9F2-4B66-B27F-D36735CEF550}.Release|Any CPU.Build.0 = Release|Any CPU
		{4E90DD43-F9F2-4B66-B27F-D36735CEF550}.Release|x64.ActiveCfg = Release|Any CPU
		{4E90DD43-F9F2-4B66-B27F-D36735CEF550}.Release|x64.Build.0 = Release|Any CPU
		{4E90DD43-F9F2-4B66-B27F-D36735CEF550}.Release|x86.ActiveCfg = Release|Any CPU
		{4E90DD43-F9F2-4B66-B27F-D36735CEF550}.Release|x86.Build.0 = Release|Any CPU
		{65ACD472-A327-4289-9523-A35A16FF0DCD}.Debug|Any CPU.ActiveCfg = Debug|Any CPU
		{65ACD472-A327-4289-9523-A35A16FF0DCD}.Debug|Any CPU.Build.0 = Debug|Any CPU
		{65ACD472-A327-4289-9523-A35A16FF0DCD}.Debug|x64.ActiveCfg = Debug|Any CPU
		{65ACD472-A327-4289-9523-A35A16FF0DCD}.Debug|x64.Build.0 = Debug|Any CPU
		{65ACD472-A327-4289-9523-A35A16FF0DCD}.Debug|x86.ActiveCfg = Debug|Any CPU
		{65ACD472-A327-4289-9523-A35A16FF0DCD}.Debug|x86.Build.0 = Debug|Any CPU
		{65ACD472-A327-4289-9523-A35A16FF0DCD}.Release|Any CPU.ActiveCfg = Release|Any CPU
		{65ACD472-A327-4289-9523-A35A16FF0DCD}.Release|Any CPU.Build.0 = Release|Any CPU
		{65ACD472-A327-4289-9523-A35A16FF0DCD}.Release|x64.ActiveCfg = Release|Any CPU
		{65ACD472-A327-4289-9523-A35A16FF0DCD}.Release|x64.Build.0 = Release|Any CPU
		{65ACD472-A327-4289-9523-A35A16FF0DCD}.Release|x86.ActiveCfg = Release|Any CPU
		{65ACD472-A327-4289-9523-A35A16FF0DCD}.Release|x86.Build.0 = Release|Any CPU
	EndGlobalSection
	GlobalSection(NestedProjects) = preSolution
		{4E90DD43-F9F2-4B66-B27F-D36735CEF550} = {6D8B92D8-8097-45C3-906E-3D34B59D2239}
		{65ACD472-A327-4289-9523-A35A16FF0DCD} = {8F477164-7C7D-4BF0-B000-2883F314ED31}
	EndGlobalSection
EndGlobal
